// !$*UTF8*$!
{
	archiveVersion = 1;
	classes = {
	};
	objectVersion = 46;
	objects = {

/* Begin PBXBuildFile section */
		10019CBE6BFA1F65FEAE7372 /* Pods_BlindEats.framework in Frameworks */ = {isa = PBXBuildFile; fileRef = 710AF73DCC83A8FCF62202AB /* Pods_BlindEats.framework */; };
		C99253BA1FBB69C1000EA408 /* OnboardingView.swift in Sources */ = {isa = PBXBuildFile; fileRef = C99253B91FBB69C1000EA408 /* OnboardingView.swift */; };
		C99253BE1FBBE52B000EA408 /* FoodModel.swift in Sources */ = {isa = PBXBuildFile; fileRef = C99253BD1FBBE52B000EA408 /* FoodModel.swift */; };
		C9B743581FBB678800227A3A /* AppDelegate.swift in Sources */ = {isa = PBXBuildFile; fileRef = C9B743571FBB678800227A3A /* AppDelegate.swift */; };
		C9B7435A1FBB678800227A3A /* ViewController.swift in Sources */ = {isa = PBXBuildFile; fileRef = C9B743591FBB678800227A3A /* ViewController.swift */; };
		C9B7435D1FBB678800227A3A /* Main.storyboard in Resources */ = {isa = PBXBuildFile; fileRef = C9B7435B1FBB678800227A3A /* Main.storyboard */; };
		C9B743601FBB678800227A3A /* BlindEats.xcdatamodeld in Sources */ = {isa = PBXBuildFile; fileRef = C9B7435E1FBB678800227A3A /* BlindEats.xcdatamodeld */; };
		C9B743621FBB678800227A3A /* Assets.xcassets in Resources */ = {isa = PBXBuildFile; fileRef = C9B743611FBB678800227A3A /* Assets.xcassets */; };
		C9B743651FBB678800227A3A /* LaunchScreen.storyboard in Resources */ = {isa = PBXBuildFile; fileRef = C9B743631FBB678800227A3A /* LaunchScreen.storyboard */; };
		C9B7436D1FBB67E900227A3A /* Podfile in Resources */ = {isa = PBXBuildFile; fileRef = C9B7436C1FBB67E900227A3A /* Podfile */; };
/* End PBXBuildFile section */

/* Begin PBXFileReference section */
		31BD2A09056A24BBFDC0FCB9 /* Pods-BlindEats.release.xcconfig */ = {isa = PBXFileReference; includeInIndex = 1; lastKnownFileType = text.xcconfig; name = "Pods-BlindEats.release.xcconfig"; path = "Pods/Target Support Files/Pods-BlindEats/Pods-BlindEats.release.xcconfig"; sourceTree = "<group>"; };
		710AF73DCC83A8FCF62202AB /* Pods_BlindEats.framework */ = {isa = PBXFileReference; explicitFileType = wrapper.framework; includeInIndex = 0; path = Pods_BlindEats.framework; sourceTree = BUILT_PRODUCTS_DIR; };
		9815116E29C6F55CCD81D06C /* Pods-BlindEats.debug.xcconfig */ = {isa = PBXFileReference; includeInIndex = 1; lastKnownFileType = text.xcconfig; name = "Pods-BlindEats.debug.xcconfig"; path = "Pods/Target Support Files/Pods-BlindEats/Pods-BlindEats.debug.xcconfig"; sourceTree = "<group>"; };
		C99253B91FBB69C1000EA408 /* OnboardingView.swift */ = {isa = PBXFileReference; fileEncoding = 4; lastKnownFileType = sourcecode.swift; path = OnboardingView.swift; sourceTree = "<group>"; };
		C99253BD1FBBE52B000EA408 /* FoodModel.swift */ = {isa = PBXFileReference; fileEncoding = 4; lastKnownFileType = sourcecode.swift; path = FoodModel.swift; sourceTree = "<group>"; };
		C9B743541FBB678800227A3A /* BlindEats.app */ = {isa = PBXFileReference; explicitFileType = wrapper.application; includeInIndex = 0; path = BlindEats.app; sourceTree = BUILT_PRODUCTS_DIR; };
		C9B743571FBB678800227A3A /* AppDelegate.swift */ = {isa = PBXFileReference; lastKnownFileType = sourcecode.swift; path = AppDelegate.swift; sourceTree = "<group>"; };
		C9B743591FBB678800227A3A /* ViewController.swift */ = {isa = PBXFileReference; lastKnownFileType = sourcecode.swift; path = ViewController.swift; sourceTree = "<group>"; };
		C9B7435C1FBB678800227A3A /* Base */ = {isa = PBXFileReference; lastKnownFileType = file.storyboard; name = Base; path = Base.lproj/Main.storyboard; sourceTree = "<group>"; };
		C9B7435F1FBB678800227A3A /* BlindEats.xcdatamodel */ = {isa = PBXFileReference; lastKnownFileType = wrapper.xcdatamodel; path = BlindEats.xcdatamodel; sourceTree = "<group>"; };
		C9B743611FBB678800227A3A /* Assets.xcassets */ = {isa = PBXFileReference; lastKnownFileType = folder.assetcatalog; path = Assets.xcassets; sourceTree = "<group>"; };
		C9B743641FBB678800227A3A /* Base */ = {isa = PBXFileReference; lastKnownFileType = file.storyboard; name = Base; path = Base.lproj/LaunchScreen.storyboard; sourceTree = "<group>"; };
		C9B743661FBB678800227A3A /* Info.plist */ = {isa = PBXFileReference; lastKnownFileType = text.plist.xml; path = Info.plist; sourceTree = "<group>"; };
		C9B7436C1FBB67E900227A3A /* Podfile */ = {isa = PBXFileReference; fileEncoding = 4; lastKnownFileType = text; path = Podfile; sourceTree = "<group>"; };
/* End PBXFileReference section */

/* Begin PBXFrameworksBuildPhase section */
		C9B743511FBB678800227A3A /* Frameworks */ = {
			isa = PBXFrameworksBuildPhase;
			buildActionMask = 2147483647;
			files = (
				10019CBE6BFA1F65FEAE7372 /* Pods_BlindEats.framework in Frameworks */,
			);
			runOnlyForDeploymentPostprocessing = 0;
		};
/* End PBXFrameworksBuildPhase section */

/* Begin PBXGroup section */
		68F1D112479A7F00755A55EB /* Frameworks */ = {
			isa = PBXGroup;
			children = (
				710AF73DCC83A8FCF62202AB /* Pods_BlindEats.framework */,
			);
			name = Frameworks;
			sourceTree = "<group>";
		};
		C9B7434B1FBB678800227A3A = {
			isa = PBXGroup;
			children = (
				C9B7436C1FBB67E900227A3A /* Podfile */,
				C9B743561FBB678800227A3A /* BlindEats */,
				C9B743551FBB678800227A3A /* Products */,
				F5D767E0A9C99613AF5463B6 /* Pods */,
				68F1D112479A7F00755A55EB /* Frameworks */,
			);
			sourceTree = "<group>";
		};
		C9B743551FBB678800227A3A /* Products */ = {
			isa = PBXGroup;
			children = (
				C9B743541FBB678800227A3A /* BlindEats.app */,
			);
			name = Products;
			sourceTree = "<group>";
		};
		C9B743561FBB678800227A3A /* BlindEats */ = {
			isa = PBXGroup;
			children = (
				C9B743571FBB678800227A3A /* AppDelegate.swift */,
				C9B743591FBB678800227A3A /* ViewController.swift */,
				C9B7435B1FBB678800227A3A /* Main.storyboard */,
				C9B743611FBB678800227A3A /* Assets.xcassets */,
				C9B743631FBB678800227A3A /* LaunchScreen.storyboard */,
				C9B743661FBB678800227A3A /* Info.plist */,
				C9B7435E1FBB678800227A3A /* BlindEats.xcdatamodeld */,
				C99253B91FBB69C1000EA408 /* OnboardingView.swift */,
				C99253BD1FBBE52B000EA408 /* FoodModel.swift */,
			);
			path = BlindEats;
			sourceTree = "<group>";
		};
		F5D767E0A9C99613AF5463B6 /* Pods */ = {
			isa = PBXGroup;
			children = (
				9815116E29C6F55CCD81D06C /* Pods-BlindEats.debug.xcconfig */,
				31BD2A09056A24BBFDC0FCB9 /* Pods-BlindEats.release.xcconfig */,
			);
			name = Pods;
			sourceTree = "<group>";
		};
/* End PBXGroup section */

/* Begin PBXNativeTarget section */
		C9B743531FBB678800227A3A /* BlindEats */ = {
			isa = PBXNativeTarget;
			buildConfigurationList = C9B743691FBB678800227A3A /* Build configuration list for PBXNativeTarget "BlindEats" */;
			buildPhases = (
				23239FD6EF51EE7694F9658F /* [CP] Check Pods Manifest.lock */,
				C9B743501FBB678800227A3A /* Sources */,
				C9B743511FBB678800227A3A /* Frameworks */,
				C9B743521FBB678800227A3A /* Resources */,
				22D28A9A5B156F71AB204D27 /* [CP] Embed Pods Frameworks */,
				2B10C098F89E4669EDE123D3 /* [CP] Copy Pods Resources */,
			);
			buildRules = (
			);
			dependencies = (
			);
			name = BlindEats;
			productName = BlindEats;
			productReference = C9B743541FBB678800227A3A /* BlindEats.app */;
			productType = "com.apple.product-type.application";
		};
/* End PBXNativeTarget section */

/* Begin PBXProject section */
		C9B7434C1FBB678800227A3A /* Project object */ = {
			isa = PBXProject;
			attributes = {
				LastSwiftUpdateCheck = 0830;
				LastUpgradeCheck = 0830;
				ORGANIZATIONNAME = "A290 Fall 2017 - matwyric";
				TargetAttributes = {
					C9B743531FBB678800227A3A = {
						CreatedOnToolsVersion = 8.3.3;
						ProvisioningStyle = Automatic;
					};
				};
			};
			buildConfigurationList = C9B7434F1FBB678800227A3A /* Build configuration list for PBXProject "BlindEats" */;
			compatibilityVersion = "Xcode 3.2";
			developmentRegion = English;
			hasScannedForEncodings = 0;
			knownRegions = (
				en,
				Base,
			);
			mainGroup = C9B7434B1FBB678800227A3A;
			productRefGroup = C9B743551FBB678800227A3A /* Products */;
			projectDirPath = "";
			projectRoot = "";
			targets = (
				C9B743531FBB678800227A3A /* BlindEats */,
			);
		};
/* End PBXProject section */

/* Begin PBXResourcesBuildPhase section */
		C9B743521FBB678800227A3A /* Resources */ = {
			isa = PBXResourcesBuildPhase;
			buildActionMask = 2147483647;
			files = (
				C9B743651FBB678800227A3A /* LaunchScreen.storyboard in Resources */,
				C9B743621FBB678800227A3A /* Assets.xcassets in Resources */,
				C9B7436D1FBB67E900227A3A /* Podfile in Resources */,
				C9B7435D1FBB678800227A3A /* Main.storyboard in Resources */,
			);
			runOnlyForDeploymentPostprocessing = 0;
		};
/* End PBXResourcesBuildPhase section */

/* Begin PBXShellScriptBuildPhase section */
		22D28A9A5B156F71AB204D27 /* [CP] Embed Pods Frameworks */ = {
			isa = PBXShellScriptBuildPhase;
			buildActionMask = 2147483647;
			files = (
			);
			inputPaths = (
				"${SRCROOT}/Pods/Target Support Files/Pods-BlindEats/Pods-BlindEats-frameworks.sh",
				"${BUILT_PRODUCTS_DIR}/paper-onboarding/paper_onboarding.framework",
			);
			name = "[CP] Embed Pods Frameworks";
			outputPaths = (
				"${TARGET_BUILD_DIR}/${FRAMEWORKS_FOLDER_PATH}/paper_onboarding.framework",
			);
			runOnlyForDeploymentPostprocessing = 0;
			shellPath = /bin/sh;
			shellScript = "\"${SRCROOT}/Pods/Target Support Files/Pods-BlindEats/Pods-BlindEats-frameworks.sh\"\n";
			showEnvVarsInLog = 0;
		};
		23239FD6EF51EE7694F9658F /* [CP] Check Pods Manifest.lock */ = {
			isa = PBXShellScriptBuildPhase;
			buildActionMask = 2147483647;
			files = (
			);
			inputPaths = (
				"${PODS_PODFILE_DIR_PATH}/Podfile.lock",
				"${PODS_ROOT}/Manifest.lock",
			);
			name = "[CP] Check Pods Manifest.lock";
			outputPaths = (
				"$(DERIVED_FILE_DIR)/Pods-BlindEats-checkManifestLockResult.txt",
			);
			runOnlyForDeploymentPostprocessing = 0;
			shellPath = /bin/sh;
			shellScript = "diff \"${PODS_PODFILE_DIR_PATH}/Podfile.lock\" \"${PODS_ROOT}/Manifest.lock\" > /dev/null\nif [ $? != 0 ] ; then\n    # print error to STDERR\n    echo \"error: The sandbox is not in sync with the Podfile.lock. Run 'pod install' or update your CocoaPods installation.\" >&2\n    exit 1\nfi\n# This output is used by Xcode 'outputs' to avoid re-running this script phase.\necho \"SUCCESS\" > \"${SCRIPT_OUTPUT_FILE_0}\"\n";
			showEnvVarsInLog = 0;
		};
		2B10C098F89E4669EDE123D3 /* [CP] Copy Pods Resources */ = {
			isa = PBXShellScriptBuildPhase;
			buildActionMask = 2147483647;
			files = (
			);
			inputPaths = (
			);
			name = "[CP] Copy Pods Resources";
			outputPaths = (
			);
			runOnlyForDeploymentPostprocessing = 0;
			shellPath = /bin/sh;
			shellScript = "\"${SRCROOT}/Pods/Target Support Files/Pods-BlindEats/Pods-BlindEats-resources.sh\"\n";
			showEnvVarsInLog = 0;
		};
/* End PBXShellScriptBuildPhase section */

/* Begin PBXSourcesBuildPhase section */
		C9B743501FBB678800227A3A /* Sources */ = {
			isa = PBXSourcesBuildPhase;
			buildActionMask = 2147483647;
			files = (
				C99253BE1FBBE52B000EA408 /* FoodModel.swift in Sources */,
				C9B7435A1FBB678800227A3A /* ViewController.swift in Sources */,
				C99253BA1FBB69C1000EA408 /* OnboardingView.swift in Sources */,
				C9B743601FBB678800227A3A /* BlindEats.xcdatamodeld in Sources */,
				C9B743581FBB678800227A3A /* AppDelegate.swift in Sources */,
			);
			runOnlyForDeploymentPostprocessing = 0;
		};
/* End PBXSourcesBuildPhase section */

/* Begin PBXVariantGroup section */
		C9B7435B1FBB678800227A3A /* Main.storyboard */ = {
			isa = PBXVariantGroup;
			children = (
				C9B7435C1FBB678800227A3A /* Base */,
			);
			name = Main.storyboard;
			sourceTree = "<group>";
		};
		C9B743631FBB678800227A3A /* LaunchScreen.storyboard */ = {
			isa = PBXVariantGroup;
			children = (
				C9B743641FBB678800227A3A /* Base */,
			);
			name = LaunchScreen.storyboard;
			sourceTree = "<group>";
		};
/* End PBXVariantGroup section */

/* Begin XCBuildConfiguration section */
		C9B743671FBB678800227A3A /* Debug */ = {
			isa = XCBuildConfiguration;
			buildSettings = {
				ALWAYS_SEARCH_USER_PATHS = NO;
				CLANG_ANALYZER_NONNULL = YES;
				CLANG_ANALYZER_NUMBER_OBJECT_CONVERSION = YES_AGGRESSIVE;
				CLANG_CXX_LANGUAGE_STANDARD = "gnu++0x";
				CLANG_CXX_LIBRARY = "libc++";
				CLANG_ENABLE_MODULES = YES;
				CLANG_ENABLE_OBJC_ARC = YES;
				CLANG_WARN_BOOL_CONVERSION = YES;
				CLANG_WARN_CONSTANT_CONVERSION = YES;
				CLANG_WARN_DIRECT_OBJC_ISA_USAGE = YES_ERROR;
				CLANG_WARN_DOCUMENTATION_COMMENTS = YES;
				CLANG_WARN_EMPTY_BODY = YES;
				CLANG_WARN_ENUM_CONVERSION = YES;
				CLANG_WARN_INFINITE_RECURSION = YES;
				CLANG_WARN_INT_CONVERSION = YES;
				CLANG_WARN_OBJC_ROOT_CLASS = YES_ERROR;
				CLANG_WARN_SUSPICIOUS_MOVE = YES;
				CLANG_WARN_UNREACHABLE_CODE = YES;
				CLANG_WARN__DUPLICATE_METHOD_MATCH = YES;
				"CODE_SIGN_IDENTITY[sdk=iphoneos*]" = "iPhone Developer";
				COPY_PHASE_STRIP = NO;
				DEBUG_INFORMATION_FORMAT = dwarf;
				ENABLE_STRICT_OBJC_MSGSEND = YES;
				ENABLE_TESTABILITY = YES;
				GCC_C_LANGUAGE_STANDARD = gnu99;
				GCC_DYNAMIC_NO_PIC = NO;
				GCC_NO_COMMON_BLOCKS = YES;
				GCC_OPTIMIZATION_LEVEL = 0;
				GCC_PREPROCESSOR_DEFINITIONS = (
					"DEBUG=1",
					"$(inherited)",
				);
				GCC_WARN_64_TO_32_BIT_CONVERSION = YES;
				GCC_WARN_ABOUT_RETURN_TYPE = YES_ERROR;
				GCC_WARN_UNDECLARED_SELECTOR = YES;
				GCC_WARN_UNINITIALIZED_AUTOS = YES_AGGRESSIVE;
				GCC_WARN_UNUSED_FUNCTION = YES;
				GCC_WARN_UNUSED_VARIABLE = YES;
				IPHONEOS_DEPLOYMENT_TARGET = 10.3;
				MTL_ENABLE_DEBUG_INFO = YES;
				ONLY_ACTIVE_ARCH = YES;
				SDKROOT = iphoneos;
				SWIFT_ACTIVE_COMPILATION_CONDITIONS = DEBUG;
				SWIFT_OPTIMIZATION_LEVEL = "-Onone";
				TARGETED_DEVICE_FAMILY = "1,2";
			};
			name = Debug;
		};
		C9B743681FBB678800227A3A /* Release */ = {
			isa = XCBuildConfiguration;
			buildSettings = {
				ALWAYS_SEARCH_USER_PATHS = NO;
				CLANG_ANALYZER_NONNULL = YES;
				CLANG_ANALYZER_NUMBER_OBJECT_CONVERSION = YES_AGGRESSIVE;
				CLANG_CXX_LANGUAGE_STANDARD = "gnu++0x";
				CLANG_CXX_LIBRARY = "libc++";
				CLANG_ENABLE_MODULES = YES;
				CLANG_ENABLE_OBJC_ARC = YES;
				CLANG_WARN_BOOL_CONVERSION = YES;
				CLANG_WARN_CONSTANT_CONVERSION = YES;
				CLANG_WARN_DIRECT_OBJC_ISA_USAGE = YES_ERROR;
				CLANG_WARN_DOCUMENTATION_COMMENTS = YES;
				CLANG_WARN_EMPTY_BODY = YES;
				CLANG_WARN_ENUM_CONVERSION = YES;
				CLANG_WARN_INFINITE_RECURSION = YES;
				CLANG_WARN_INT_CONVERSION = YES;
				CLANG_WARN_OBJC_ROOT_CLASS = YES_ERROR;
				CLANG_WARN_SUSPICIOUS_MOVE = YES;
				CLANG_WARN_UNREACHABLE_CODE = YES;
				CLANG_WARN__DUPLICATE_METHOD_MATCH = YES;
				"CODE_SIGN_IDENTITY[sdk=iphoneos*]" = "iPhone Developer";
				COPY_PHASE_STRIP = NO;
				DEBUG_INFORMATION_FORMAT = "dwarf-with-dsym";
				ENABLE_NS_ASSERTIONS = NO;
				ENABLE_STRICT_OBJC_MSGSEND = YES;
				GCC_C_LANGUAGE_STANDARD = gnu99;
				GCC_NO_COMMON_BLOCKS = YES;
				GCC_WARN_64_TO_32_BIT_CONVERSION = YES;
				GCC_WARN_ABOUT_RETURN_TYPE = YES_ERROR;
				GCC_WARN_UNDECLARED_SELECTOR = YES;
				GCC_WARN_UNINITIALIZED_AUTOS = YES_AGGRESSIVE;
				GCC_WARN_UNUSED_FUNCTION = YES;
				GCC_WARN_UNUSED_VARIABLE = YES;
				IPHONEOS_DEPLOYMENT_TARGET = 10.3;
				MTL_ENABLE_DEBUG_INFO = NO;
				SDKROOT = iphoneos;
				SWIFT_OPTIMIZATION_LEVEL = "-Owholemodule";
				TARGETED_DEVICE_FAMILY = "1,2";
				VALIDATE_PRODUCT = YES;
			};
			name = Release;
		};
		C9B7436A1FBB678800227A3A /* Debug */ = {
			isa = XCBuildConfiguration;
			baseConfigurationReference = 9815116E29C6F55CCD81D06C /* Pods-BlindEats.debug.xcconfig */;
			buildSettings = {
				ASSETCATALOG_COMPILER_APPICON_NAME = AppIcon;
				INFOPLIST_FILE = BlindEats/Info.plist;
				LD_RUNPATH_SEARCH_PATHS = "$(inherited) @executable_path/Frameworks";
				PRODUCT_BUNDLE_IDENTIFIER = edu.indiana.cs.a290matwyric.BlindEats;
				PRODUCT_NAME = "$(TARGET_NAME)";
				SWIFT_VERSION = 3.0;
			};
			name = Debug;
		};
		C9B7436B1FBB678800227A3A /* Release */ = {
			isa = XCBuildConfiguration;
			baseConfigurationReference = 31BD2A09056A24BBFDC0FCB9 /* Pods-BlindEats.release.xcconfig */;
			buildSettings = {
				ASSETCATALOG_COMPILER_APPICON_NAME = AppIcon;
				INFOPLIST_FILE = BlindEats/Info.plist;
				LD_RUNPATH_SEARCH_PATHS = "$(inherited) @executable_path/Frameworks";
				PRODUCT_BUNDLE_IDENTIFIER = edu.indiana.cs.a290matwyric.BlindEats;
				PRODUCT_NAME = "$(TARGET_NAME)";
				SWIFT_VERSION = 3.0;
			};
			name = Release;
		};
/* End XCBuildConfiguration section */

/* Begin XCConfigurationList section */
		C9B7434F1FBB678800227A3A /* Build configuration list for PBXProject "BlindEats" */ = {
			isa = XCConfigurationList;
			buildConfigurations = (
				C9B743671FBB678800227A3A /* Debug */,
				C9B743681FBB678800227A3A /* Release */,
			);
			defaultConfigurationIsVisible = 0;
			defaultConfigurationName = Release;
		};
		C9B743691FBB678800227A3A /* Build configuration list for PBXNativeTarget "BlindEats" */ = {
			isa = XCConfigurationList;
			buildConfigurations = (
				C9B7436A1FBB678800227A3A /* Debug */,
				C9B7436B1FBB678800227A3A /* Release */,
			);
			defaultConfigurationIsVisible = 0;
			defaultConfigurationName = Release;
		};
/* End XCConfigurationList section */

/* Begin XCVersionGroup section */
		C9B7435E1FBB678800227A3A /* BlindEats.xcdatamodeld */ = {
			isa = XCVersionGroup;
			children = (
				C9B7435F1FBB678800227A3A /* BlindEats.xcdatamodel */,
			);
			currentVersion = C9B7435F1FBB678800227A3A /* BlindEats.xcdatamodel */;
			path = BlindEats.xcdatamodeld;
			sourceTree = "<group>";
			versionGroupType = wrapper.xcdatamodel;
		};
/* End XCVersionGroup section */
	};
	rootObject = C9B7434C1FBB678800227A3A /* Project object */;
}
